
Microsoft Visual Studio Solution File, Format Version 12.00
Project("{FAE04EC0-301F-11D3-BF4B-00C04F79EFBC}") = "Ericson.AmriAnswers", "Ericson.AmriAnswers.csproj", "{92AFF255-FE94-4E45-BE1A-0ABD17538D32}"
EndProject
Global
	GlobalSection(SolutionConfigurationPlatforms) = preSolution
		Debug|Any CPU = Debug|Any CPU
		Release|Any CPU = Release|Any CPU
	EndGlobalSection
	GlobalSection(ProjectConfigurationPlatforms) = postSolution
		{92AFF255-FE94-4E45-BE1A-0ABD17538D32}.Debug|Any CPU.ActiveCfg = Debug|Any CPU
		{92AFF255-FE94-4E45-BE1A-0ABD17538D32}.Debug|Any CPU.Build.0 = Debug|Any CPU
		{92AFF255-FE94-4E45-BE1A-0ABD17538D32}.Release|Any CPU.ActiveCfg = Release|Any CPU
		{92AFF255-FE94-4E45-BE1A-0ABD17538D32}.Release|Any CPU.Build.0 = Release|Any CPU
	EndGlobalSection
EndGlobal
